
Microsoft Visual Studio Solution File, Format Version 12.00
# Visual Studio Version 16
VisualStudioVersion = 16.0.29411.108
MinimumVisualStudioVersion = 10.0.40219.1
Project("{FAE04EC0-301F-11D3-BF4B-00C04F79EFBC}") = "Order_Management", "Order_Management\Order_Management.csproj", "{ADA59CBA-43AB-44C7-B719-5592AA55E1F7}"
EndProject
Project("{FAE04EC0-301F-11D3-BF4B-00C04F79EFBC}") = "UnitTestProject", "UnitTestProject\UnitTestProject.csproj", "{67A163DB-1AAB-4BA4-B026-6BCEAC337991}"
EndProject
Global
	GlobalSection(SolutionConfigurationPlatforms) = preSolution
		Debug|Any CPU = Debug|Any CPU
		Release|Any CPU = Release|Any CPU
	EndGlobalSection
	GlobalSection(ProjectConfigurationPlatforms) = postSolution
		{ADA59CBA-43AB-44C7-B719-5592AA55E1F7}.Debug|Any CPU.ActiveCfg = Debug|Any CPU
		{ADA59CBA-43AB-44C7-B719-5592AA55E1F7}.Debug|Any CPU.Build.0 = Debug|Any CPU
		{ADA59CBA-43AB-44C7-B719-5592AA55E1F7}.Release|Any CPU.ActiveCfg = Release|Any CPU
		{ADA59CBA-43AB-44C7-B719-5592AA55E1F7}.Release|Any CPU.Build.0 = Release|Any CPU
		{67A163DB-1AAB-4BA4-B026-6BCEAC337991}.Debug|Any CPU.ActiveCfg = Debug|Any CPU
		{67A163DB-1AAB-4BA4-B026-6BCEAC337991}.Debug|Any CPU.Build.0 = Debug|Any CPU
		{67A163DB-1AAB-4BA4-B026-6BCEAC337991}.Release|Any CPU.ActiveCfg = Release|Any CPU
		{67A163DB-1AAB-4BA4-B026-6BCEAC337991}.Release|Any CPU.Build.0 = Release|Any CPU
	EndGlobalSection
	GlobalSection(SolutionProperties) = preSolution
		HideSolutionNode = FALSE
	EndGlobalSection
	GlobalSection(ExtensibilityGlobals) = postSolution
		SolutionGuid = {2EB42C6C-3FC1-48FC-A62B-854809D42357}
	EndGlobalSection
EndGlobal
